
Microsoft Visual Studio Solution File, Format Version 12.00
# Visual Studio 15
VisualStudioVersion = 15.0.27428.2037
MinimumVisualStudioVersion = 10.0.40219.1
Project("{FAE04EC0-301F-11D3-BF4B-00C04F79EFBC}") = "NoSQL", "NoSQL\NoSQL.csproj", "{BB93C0FB-79DF-4E20-8751-5774C6A55F65}"
EndProject
Global
	GlobalSection(SolutionConfigurationPlatforms) = preSolution
		Debug|Any CPU = Debug|Any CPU
		Release|Any CPU = Release|Any CPU
	EndGlobalSection
	GlobalSection(ProjectConfigurationPlatforms) = postSolution
		{BB93C0FB-79DF-4E20-8751-5774C6A55F65}.Debug|Any CPU.ActiveCfg = Debug|Any CPU
		{BB93C0FB-79DF-4E20-8751-5774C6A55F65}.Debug|Any CPU.Build.0 = Debug|Any CPU
		{BB93C0FB-79DF-4E20-8751-5774C6A55F65}.Release|Any CPU.ActiveCfg = Release|Any CPU
		{BB93C0FB-79DF-4E20-8751-5774C6A55F65}.Release|Any CPU.Build.0 = Release|Any CPU
	EndGlobalSection
	GlobalSection(SolutionProperties) = preSolution
		HideSolutionNode = FALSE
	EndGlobalSection
	GlobalSection(ExtensibilityGlobals) = postSolution
		SolutionGuid = {4CC47525-A058-4471-ABC6-D2D9C50A0FFC}
	EndGlobalSection
EndGlobal
